{
  "name": "@lbt-mycrt/capture",
  "version": "1.0.0",
  "lockfileVersion": 1,
  "requires": true,
  "dependencies": {
    "@types/node": {
      "version": "8.0.46",
      "resolved": "https://registry.npmjs.org/@types/node/-/node-8.0.46.tgz",
      "integrity": "sha512-rRkP4kb5JYIfAoRKaDbcdPZBcTNOgzSApyzhPN9e6rhViSJAWQGlSXIX5gc75iR02jikhpzy3usu31wMHllfFw=="
    },
    "child_process": {
      "version": "1.0.2",
      "resolved": "https://registry.npmjs.org/child_process/-/child_process-1.0.2.tgz",
      "integrity": "sha1-sffn/HPSXn/R1FWtyU4UODAYK1o="
    }
  }
}
